// !$*UTF8*$!
{
	archiveVersion = 1;
	classes = {
	};
	objectVersion = 50;
	objects = {

/* Begin PBXBuildFile section */
		1809C5F725AEBECD00EBE8C3 /* ThirdSocialManager.m in Sources */ = {isa = PBXBuildFile; fileRef = 1809C5F625AEBECD00EBE8C3 /* ThirdSocialManager.m */; };
		1852459625ABEA8B00A86C2A /* CoreFoundation.framework in Frameworks */ = {isa = PBXBuildFile; fileRef = 1852459525ABEA8B00A86C2A /* CoreFoundation.framework */; };
		1852459725ABEC4E00A86C2A /* libz.tbd in Frameworks */ = {isa = PBXBuildFile; fileRef = 185DE1FC2481092D0022D48E /* libz.tbd */; };
		1852459825ABEC5A00A86C2A /* libc++.tbd in Frameworks */ = {isa = PBXBuildFile; fileRef = 185DE1FD248109B10022D48E /* libc++.tbd */; };
		1852459925ABED7000A86C2A /* Foundation.framework in Frameworks */ = {isa = PBXBuildFile; fileRef = 185DE201248109DD0022D48E /* Foundation.framework */; };
		1852459E25ABEECF00A86C2A /* libiconv.tbd in Frameworks */ = {isa = PBXBuildFile; fileRef = 185DE1F2248108E10022D48E /* libiconv.tbd */; };
		185DE1F1248108D70022D48E /* Security.framework in Frameworks */ = {isa = PBXBuildFile; fileRef = 185DE1F0248108D70022D48E /* Security.framework */; };
		185DE1F5248108F60022D48E /* SystemConfiguration.framework in Frameworks */ = {isa = PBXBuildFile; fileRef = 185DE1F4248108F60022D48E /* SystemConfiguration.framework */; };
		185DE1F7248108FC0022D48E /* CoreGraphics.framework in Frameworks */ = {isa = PBXBuildFile; fileRef = 185DE1F6248108FC0022D48E /* CoreGraphics.framework */; };
		185DE1F9248109080022D48E /* libsqlite3.tbd in Frameworks */ = {isa = PBXBuildFile; fileRef = 185DE1F8248109020022D48E /* libsqlite3.tbd */; };
		185DE1FB2481090E0022D48E /* CoreTelephony.framework in Frameworks */ = {isa = PBXBuildFile; fileRef = 185DE1FA2481090E0022D48E /* CoreTelephony.framework */; };
		185DE200248109D60022D48E /* UIKit.framework in Frameworks */ = {isa = PBXBuildFile; fileRef = 185DE1FF248109D60022D48E /* UIKit.framework */; };
		185DE202248109DD0022D48E /* Foundation.framework in Frameworks */ = {isa = PBXBuildFile; fileRef = 185DE201248109DD0022D48E /* Foundation.framework */; };
		185DE20424810A010022D48E /* WebKit.framework in Frameworks */ = {isa = PBXBuildFile; fileRef = 185DE20324810A010022D48E /* WebKit.framework */; };
		1866CE3E25AEC397000593F5 /* TencentOpenApi_IOS_Bundle.bundle in Resources */ = {isa = PBXBuildFile; fileRef = 1866CE3725AEC397000593F5 /* TencentOpenApi_IOS_Bundle.bundle */; };
		1866CE3F25AEC397000593F5 /* TencentOpenAPI.framework in Frameworks */ = {isa = PBXBuildFile; fileRef = 1866CE3825AEC397000593F5 /* TencentOpenAPI.framework */; };
		1866CE4025AEC397000593F5 /* libWeChatSDK.a in Frameworks */ = {isa = PBXBuildFile; fileRef = 1866CE3D25AEC397000593F5 /* libWeChatSDK.a */; };
		18EB814125AFDD7800107F28 /* CoreServices.framework in Frameworks */ = {isa = PBXBuildFile; fileRef = 18EB814025AFDD7800107F28 /* CoreServices.framework */; };
		18EEBD4125B127170075B22E /* libc++abi.tbd in Frameworks */ = {isa = PBXBuildFile; fileRef = 18EEBD4025B1270E0075B22E /* libc++abi.tbd */; };
		18F83FE8247CECFA0009FD1F /* AppDelegate.m in Sources */ = {isa = PBXBuildFile; fileRef = 18F83FE7247CECFA0009FD1F /* AppDelegate.m */; };
		18F83FEE247CECFA0009FD1F /* ViewController.m in Sources */ = {isa = PBXBuildFile; fileRef = 18F83FED247CECFA0009FD1F /* ViewController.m */; };
		18F83FF3247CED0B0009FD1F /* Assets.xcassets in Resources */ = {isa = PBXBuildFile; fileRef = 18F83FF2247CED0B0009FD1F /* Assets.xcassets */; };
		18F83FF6247CED0B0009FD1F /* LaunchScreen.storyboard in Resources */ = {isa = PBXBuildFile; fileRef = 18F83FF4247CED0B0009FD1F /* LaunchScreen.storyboard */; };
		18F83FF9247CED0B0009FD1F /* main.m in Sources */ = {isa = PBXBuildFile; fileRef = 18F83FF8247CED0B0009FD1F /* main.m */; };
		18F84004247CF1630009FD1F /* HomePageViewController.m in Sources */ = {isa = PBXBuildFile; fileRef = 18F84002247CF1630009FD1F /* HomePageViewController.m */; };
/* End PBXBuildFile section */

/* Begin PBXFileReference section */
		1809C5F525AEBECD00EBE8C3 /* ThirdSocialManager.h */ = {isa = PBXFileReference; lastKnownFileType = sourcecode.c.h; path = ThirdSocialManager.h; sourceTree = "<group>"; };
		1809C5F625AEBECD00EBE8C3 /* ThirdSocialManager.m */ = {isa = PBXFileReference; lastKnownFileType = sourcecode.c.objc; path = ThirdSocialManager.m; sourceTree = "<group>"; };
		1852459525ABEA8B00A86C2A /* CoreFoundation.framework */ = {isa = PBXFileReference; lastKnownFileType = wrapper.framework; name = CoreFoundation.framework; path = System/Library/Frameworks/CoreFoundation.framework; sourceTree = SDKROOT; };
		185245A325ABF46700A86C2A /* MobileCoreServices.framework */ = {isa = PBXFileReference; lastKnownFileType = wrapper.framework; name = MobileCoreServices.framework; path = System/Library/Frameworks/MobileCoreServices.framework; sourceTree = SDKROOT; };
		185DE1F0248108D70022D48E /* Security.framework */ = {isa = PBXFileReference; lastKnownFileType = wrapper.framework; name = Security.framework; path = System/Library/Frameworks/Security.framework; sourceTree = SDKROOT; };
		185DE1F2248108E10022D48E /* libiconv.tbd */ = {isa = PBXFileReference; lastKnownFileType = "sourcecode.text-based-dylib-definition"; name = libiconv.tbd; path = usr/lib/libiconv.tbd; sourceTree = SDKROOT; };
		185DE1F4248108F60022D48E /* SystemConfiguration.framework */ = {isa = PBXFileReference; lastKnownFileType = wrapper.framework; name = SystemConfiguration.framework; path = System/Library/Frameworks/SystemConfiguration.framework; sourceTree = SDKROOT; };
		185DE1F6248108FC0022D48E /* CoreGraphics.framework */ = {isa = PBXFileReference; lastKnownFileType = wrapper.framework; name = CoreGraphics.framework; path = System/Library/Frameworks/CoreGraphics.framework; sourceTree = SDKROOT; };
		185DE1F8248109020022D48E /* libsqlite3.tbd */ = {isa = PBXFileReference; lastKnownFileType = "sourcecode.text-based-dylib-definition"; name = libsqlite3.tbd; path = usr/lib/libsqlite3.tbd; sourceTree = SDKROOT; };
		185DE1FA2481090E0022D48E /* CoreTelephony.framework */ = {isa = PBXFileReference; lastKnownFileType = wrapper.framework; name = CoreTelephony.framework; path = System/Library/Frameworks/CoreTelephony.framework; sourceTree = SDKROOT; };
		185DE1FC2481092D0022D48E /* libz.tbd */ = {isa = PBXFileReference; lastKnownFileType = "sourcecode.text-based-dylib-definition"; name = libz.tbd; path = usr/lib/libz.tbd; sourceTree = SDKROOT; };
		185DE1FD248109B10022D48E /* libc++.tbd */ = {isa = PBXFileReference; lastKnownFileType = "sourcecode.text-based-dylib-definition"; name = "libc++.tbd"; path = "usr/lib/libc++.tbd"; sourceTree = SDKROOT; };
		185DE1FF248109D60022D48E /* UIKit.framework */ = {isa = PBXFileReference; lastKnownFileType = wrapper.framework; name = UIKit.framework; path = System/Library/Frameworks/UIKit.framework; sourceTree = SDKROOT; };
		185DE201248109DD0022D48E /* Foundation.framework */ = {isa = PBXFileReference; lastKnownFileType = wrapper.framework; name = Foundation.framework; path = System/Library/Frameworks/Foundation.framework; sourceTree = SDKROOT; };
		185DE20324810A010022D48E /* WebKit.framework */ = {isa = PBXFileReference; lastKnownFileType = wrapper.framework; name = WebKit.framework; path = System/Library/Frameworks/WebKit.framework; sourceTree = SDKROOT; };
		1866CE3725AEC397000593F5 /* TencentOpenApi_IOS_Bundle.bundle */ = {isa = PBXFileReference; lastKnownFileType = "wrapper.plug-in"; path = TencentOpenApi_IOS_Bundle.bundle; sourceTree = "<group>"; };
		1866CE3825AEC397000593F5 /* TencentOpenAPI.framework */ = {isa = PBXFileReference; lastKnownFileType = wrapper.framework; path = TencentOpenAPI.framework; sourceTree = "<group>"; };
		1866CE3A25AEC397000593F5 /* WXApi.h */ = {isa = PBXFileReference; fileEncoding = 4; lastKnownFileType = sourcecode.c.h; path = WXApi.h; sourceTree = "<group>"; };
		1866CE3B25AEC397000593F5 /* WXApiObject.h */ = {isa = PBXFileReference; fileEncoding = 4; lastKnownFileType = sourcecode.c.h; path = WXApiObject.h; sourceTree = "<group>"; };
		1866CE3C25AEC397000593F5 /* WechatAuthSDK.h */ = {isa = PBXFileReference; fileEncoding = 4; lastKnownFileType = sourcecode.c.h; path = WechatAuthSDK.h; sourceTree = "<group>"; };
		1866CE3D25AEC397000593F5 /* libWeChatSDK.a */ = {isa = PBXFileReference; lastKnownFileType = archive.ar; path = libWeChatSDK.a; sourceTree = "<group>"; };
		18EB814025AFDD7800107F28 /* CoreServices.framework */ = {isa = PBXFileReference; lastKnownFileType = wrapper.framework; name = CoreServices.framework; path = System/Library/Frameworks/CoreServices.framework; sourceTree = SDKROOT; };
		18EEBD4025B1270E0075B22E /* libc++abi.tbd */ = {isa = PBXFileReference; lastKnownFileType = "sourcecode.text-based-dylib-definition"; name = "libc++abi.tbd"; path = "usr/lib/libc++abi.tbd"; sourceTree = SDKROOT; };
		18F83FE3247CECFA0009FD1F /* TencentApi.app */ = {isa = PBXFileReference; explicitFileType = wrapper.application; includeInIndex = 0; path = TencentApi.app; sourceTree = BUILT_PRODUCTS_DIR; };
		18F83FE6247CECFA0009FD1F /* AppDelegate.h */ = {isa = PBXFileReference; lastKnownFileType = sourcecode.c.h; path = AppDelegate.h; sourceTree = "<group>"; };
		18F83FE7247CECFA0009FD1F /* AppDelegate.m */ = {isa = PBXFileReference; lastKnownFileType = sourcecode.c.objc; path = AppDelegate.m; sourceTree = "<group>"; };
		18F83FEC247CECFA0009FD1F /* ViewController.h */ = {isa = PBXFileReference; lastKnownFileType = sourcecode.c.h; path = ViewController.h; sourceTree = "<group>"; };
		18F83FED247CECFA0009FD1F /* ViewController.m */ = {isa = PBXFileReference; lastKnownFileType = sourcecode.c.objc; path = ViewController.m; sourceTree = "<group>"; };
		18F83FF2247CED0B0009FD1F /* Assets.xcassets */ = {isa = PBXFileReference; lastKnownFileType = folder.assetcatalog; path = Assets.xcassets; sourceTree = "<group>"; };
		18F83FF5247CED0B0009FD1F /* Base */ = {isa = PBXFileReference; lastKnownFileType = file.storyboard; name = Base; path = Base.lproj/LaunchScreen.storyboard; sourceTree = "<group>"; };
		18F83FF7247CED0B0009FD1F /* Info.plist */ = {isa = PBXFileReference; lastKnownFileType = text.plist.xml; path = Info.plist; sourceTree = "<group>"; };
		18F83FF8247CED0B0009FD1F /* main.m */ = {isa = PBXFileReference; lastKnownFileType = sourcecode.c.objc; path = main.m; sourceTree = "<group>"; };
		18F84002247CF1630009FD1F /* HomePageViewController.m */ = {isa = PBXFileReference; fileEncoding = 4; lastKnownFileType = sourcecode.c.objc; path = HomePageViewController.m; sourceTree = "<group>"; };
		18F84003247CF1630009FD1F /* HomePageViewController.h */ = {isa = PBXFileReference; fileEncoding = 4; lastKnownFileType = sourcecode.c.h; path = HomePageViewController.h; sourceTree = "<group>"; };
		18F84005247CF4F60009FD1F /* TencentApi.entitlements */ = {isa = PBXFileReference; lastKnownFileType = text.plist.entitlements; path = TencentApi.entitlements; sourceTree = "<group>"; };
/* End PBXFileReference section */

/* Begin PBXFrameworksBuildPhase section */
		18F83FE0247CECFA0009FD1F /* Frameworks */ = {
			isa = PBXFrameworksBuildPhase;
			buildActionMask = 2147483647;
			files = (
				185DE20424810A010022D48E /* WebKit.framework in Frameworks */,
				1866CE4025AEC397000593F5 /* libWeChatSDK.a in Frameworks */,
				1852459725ABEC4E00A86C2A /* libz.tbd in Frameworks */,
				185DE202248109DD0022D48E /* Foundation.framework in Frameworks */,
				18EEBD4125B127170075B22E /* libc++abi.tbd in Frameworks */,
				1852459825ABEC5A00A86C2A /* libc++.tbd in Frameworks */,
				1852459E25ABEECF00A86C2A /* libiconv.tbd in Frameworks */,
				185DE200248109D60022D48E /* UIKit.framework in Frameworks */,
				185DE1F9248109080022D48E /* libsqlite3.tbd in Frameworks */,
				185DE1FB2481090E0022D48E /* CoreTelephony.framework in Frameworks */,
				185DE1F1248108D70022D48E /* Security.framework in Frameworks */,
				1866CE3F25AEC397000593F5 /* TencentOpenAPI.framework in Frameworks */,
				1852459925ABED7000A86C2A /* Foundation.framework in Frameworks */,
				1852459625ABEA8B00A86C2A /* CoreFoundation.framework in Frameworks */,
				185DE1F5248108F60022D48E /* SystemConfiguration.framework in Frameworks */,
				185DE1F7248108FC0022D48E /* CoreGraphics.framework in Frameworks */,
				18EB814125AFDD7800107F28 /* CoreServices.framework in Frameworks */,
			);
			runOnlyForDeploymentPostprocessing = 0;
		};
/* End PBXFrameworksBuildPhase section */

/* Begin PBXGroup section */
		185DE1EF248108D60022D48E /* Frameworks */ = {
			isa = PBXGroup;
			children = (
				18EEBD4025B1270E0075B22E /* libc++abi.tbd */,
				18EB814025AFDD7800107F28 /* CoreServices.framework */,
				185245A325ABF46700A86C2A /* MobileCoreServices.framework */,
				1852459525ABEA8B00A86C2A /* CoreFoundation.framework */,
				185DE20324810A010022D48E /* WebKit.framework */,
				185DE201248109DD0022D48E /* Foundation.framework */,
				185DE1FF248109D60022D48E /* UIKit.framework */,
				185DE1FD248109B10022D48E /* libc++.tbd */,
				185DE1FC2481092D0022D48E /* libz.tbd */,
				185DE1FA2481090E0022D48E /* CoreTelephony.framework */,
				185DE1F8248109020022D48E /* libsqlite3.tbd */,
				185DE1F6248108FC0022D48E /* CoreGraphics.framework */,
				185DE1F4248108F60022D48E /* SystemConfiguration.framework */,
				185DE1F2248108E10022D48E /* libiconv.tbd */,
				185DE1F0248108D70022D48E /* Security.framework */,
			);
			name = Frameworks;
			sourceTree = "<group>";
		};
		1866CE3625AEC396000593F5 /* TencentSDK */ = {
			isa = PBXGroup;
			children = (
				1866CE3725AEC397000593F5 /* TencentOpenApi_IOS_Bundle.bundle */,
				1866CE3825AEC397000593F5 /* TencentOpenAPI.framework */,
			);
			path = TencentSDK;
			sourceTree = "<group>";
		};
		1866CE3925AEC397000593F5 /* WechatSDK */ = {
			isa = PBXGroup;
			children = (
				1866CE3A25AEC397000593F5 /* WXApi.h */,
				1866CE3B25AEC397000593F5 /* WXApiObject.h */,
				1866CE3C25AEC397000593F5 /* WechatAuthSDK.h */,
				1866CE3D25AEC397000593F5 /* libWeChatSDK.a */,
			);
			path = WechatSDK;
			sourceTree = "<group>";
		};
		18F83FDA247CECFA0009FD1F = {
			isa = PBXGroup;
			children = (
				18F83FE5247CECFA0009FD1F /* TencentApi */,
				18F83FE4247CECFA0009FD1F /* Products */,
				185DE1EF248108D60022D48E /* Frameworks */,
			);
			sourceTree = "<group>";
		};
		18F83FE4247CECFA0009FD1F /* Products */ = {
			isa = PBXGroup;
			children = (
				18F83FE3247CECFA0009FD1F /* TencentApi.app */,
			);
			name = Products;
			sourceTree = "<group>";
		};
		18F83FE5247CECFA0009FD1F /* TencentApi */ = {
			isa = PBXGroup;
			children = (
				18F84005247CF4F60009FD1F /* TencentApi.entitlements */,
				1866CE3625AEC396000593F5 /* TencentSDK */,
				1866CE3925AEC397000593F5 /* WechatSDK */,
				18F83FE6247CECFA0009FD1F /* AppDelegate.h */,
				18F83FE7247CECFA0009FD1F /* AppDelegate.m */,
				1809C5F525AEBECD00EBE8C3 /* ThirdSocialManager.h */,
				1809C5F625AEBECD00EBE8C3 /* ThirdSocialManager.m */,
				18F84003247CF1630009FD1F /* HomePageViewController.h */,
				18F84002247CF1630009FD1F /* HomePageViewController.m */,
				18F83FEC247CECFA0009FD1F /* ViewController.h */,
				18F83FED247CECFA0009FD1F /* ViewController.m */,
				18F83FF2247CED0B0009FD1F /* Assets.xcassets */,
				18F83FF4247CED0B0009FD1F /* LaunchScreen.storyboard */,
				18F83FF7247CED0B0009FD1F /* Info.plist */,
				18F83FF8247CED0B0009FD1F /* main.m */,
			);
			path = TencentApi;
			sourceTree = "<group>";
		};
/* End PBXGroup section */

/* Begin PBXNativeTarget section */
		18F83FE2247CECFA0009FD1F /* TencentApi */ = {
			isa = PBXNativeTarget;
			buildConfigurationList = 18F83FFC247CED0B0009FD1F /* Build configuration list for PBXNativeTarget "TencentApi" */;
			buildPhases = (
				18F83FDF247CECFA0009FD1F /* Sources */,
				18F83FE0247CECFA0009FD1F /* Frameworks */,
				18F83FE1247CECFA0009FD1F /* Resources */,
			);
			buildRules = (
			);
			dependencies = (
			);
			name = TencentApi;
			productName = TencentApi;
			productReference = 18F83FE3247CECFA0009FD1F /* TencentApi.app */;
			productType = "com.apple.product-type.application";
		};
/* End PBXNativeTarget section */

/* Begin PBXProject section */
		18F83FDB247CECFA0009FD1F /* Project object */ = {
			isa = PBXProject;
			attributes = {
				LastUpgradeCheck = 1220;
				ORGANIZATIONNAME = Geniune;
				TargetAttributes = {
					18F83FE2247CECFA0009FD1F = {
						CreatedOnToolsVersion = 11.1;
					};
				};
			};
			buildConfigurationList = 18F83FDE247CECFA0009FD1F /* Build configuration list for PBXProject "TencentApi" */;
			compatibilityVersion = "Xcode 9.3";
			developmentRegion = en;
			hasScannedForEncodings = 0;
			knownRegions = (
				en,
				Base,
			);
			mainGroup = 18F83FDA247CECFA0009FD1F;
			productRefGroup = 18F83FE4247CECFA0009FD1F /* Products */;
			projectDirPath = "";
			projectRoot = "";
			targets = (
				18F83FE2247CECFA0009FD1F /* TencentApi */,
			);
		};
/* End PBXProject section */

/* Begin PBXResourcesBuildPhase section */
		18F83FE1247CECFA0009FD1F /* Resources */ = {
			isa = PBXResourcesBuildPhase;
			buildActionMask = 2147483647;
			files = (
				1866CE3E25AEC397000593F5 /* TencentOpenApi_IOS_Bundle.bundle in Resources */,
				18F83FF6247CED0B0009FD1F /* LaunchScreen.storyboard in Resources */,
				18F83FF3247CED0B0009FD1F /* Assets.xcassets in Resources */,
			);
			runOnlyForDeploymentPostprocessing = 0;
		};
/* End PBXResourcesBuildPhase section */

/* Begin PBXSourcesBuildPhase section */
		18F83FDF247CECFA0009FD1F /* Sources */ = {
			isa = PBXSourcesBuildPhase;
			buildActionMask = 2147483647;
			files = (
				18F84004247CF1630009FD1F /* HomePageViewController.m in Sources */,
				1809C5F725AEBECD00EBE8C3 /* ThirdSocialManager.m in Sources */,
				18F83FEE247CECFA0009FD1F /* ViewController.m in Sources */,
				18F83FE8247CECFA0009FD1F /* AppDelegate.m in Sources */,
				18F83FF9247CED0B0009FD1F /* main.m in Sources */,
			);
			runOnlyForDeploymentPostprocessing = 0;
		};
/* End PBXSourcesBuildPhase section */

/* Begin PBXVariantGroup section */
		18F83FF4247CED0B0009FD1F /* LaunchScreen.storyboard */ = {
			isa = PBXVariantGroup;
			children = (
				18F83FF5247CED0B0009FD1F /* Base */,
			);
			name = LaunchScreen.storyboard;
			sourceTree = "<group>";
		};
/* End PBXVariantGroup section */

/* Begin XCBuildConfiguration section */
		18F83FFA247CED0B0009FD1F /* Debug */ = {
			isa = XCBuildConfiguration;
			buildSettings = {
				ALWAYS_SEARCH_USER_PATHS = NO;
				CLANG_ANALYZER_NONNULL = YES;
				CLANG_ANALYZER_NUMBER_OBJECT_CONVERSION = YES_AGGRESSIVE;
				CLANG_CXX_LANGUAGE_STANDARD = "gnu++14";
				CLANG_CXX_LIBRARY = "libc++";
				CLANG_ENABLE_MODULES = YES;
				CLANG_ENABLE_OBJC_ARC = YES;
				CLANG_ENABLE_OBJC_WEAK = YES;
				CLANG_WARN_BLOCK_CAPTURE_AUTORELEASING = YES;
				CLANG_WARN_BOOL_CONVERSION = YES;
				CLANG_WARN_COMMA = YES;
				CLANG_WARN_CONSTANT_CONVERSION = YES;
				CLANG_WARN_DEPRECATED_OBJC_IMPLEMENTATIONS = YES;
				CLANG_WARN_DIRECT_OBJC_ISA_USAGE = YES_ERROR;
				CLANG_WARN_DOCUMENTATION_COMMENTS = YES;
				CLANG_WARN_EMPTY_BODY = YES;
				CLANG_WARN_ENUM_CONVERSION = YES;
				CLANG_WARN_INFINITE_RECURSION = YES;
				CLANG_WARN_INT_CONVERSION = YES;
				CLANG_WARN_NON_LITERAL_NULL_CONVERSION = YES;
				CLANG_WARN_OBJC_IMPLICIT_RETAIN_SELF = YES;
				CLANG_WARN_OBJC_LITERAL_CONVERSION = YES;
				CLANG_WARN_OBJC_ROOT_CLASS = YES_ERROR;
				CLANG_WARN_QUOTED_INCLUDE_IN_FRAMEWORK_HEADER = YES;
				CLANG_WARN_RANGE_LOOP_ANALYSIS = YES;
				CLANG_WARN_STRICT_PROTOTYPES = YES;
				CLANG_WARN_SUSPICIOUS_MOVE = YES;
				CLANG_WARN_UNGUARDED_AVAILABILITY = YES_AGGRESSIVE;
				CLANG_WARN_UNREACHABLE_CODE = YES;
				CLANG_WARN__DUPLICATE_METHOD_MATCH = YES;
				COPY_PHASE_STRIP = NO;
				DEBUG_INFORMATION_FORMAT = dwarf;
				ENABLE_STRICT_OBJC_MSGSEND = YES;
				ENABLE_TESTABILITY = YES;
				GCC_C_LANGUAGE_STANDARD = gnu11;
				GCC_DYNAMIC_NO_PIC = NO;
				GCC_NO_COMMON_BLOCKS = YES;
				GCC_OPTIMIZATION_LEVEL = 0;
				GCC_PREPROCESSOR_DEFINITIONS = (
					"DEBUG=1",
					"$(inherited)",
				);
				GCC_WARN_64_TO_32_BIT_CONVERSION = YES;
				GCC_WARN_ABOUT_RETURN_TYPE = YES_ERROR;
				GCC_WARN_UNDECLARED_SELECTOR = YES;
				GCC_WARN_UNINITIALIZED_AUTOS = YES_AGGRESSIVE;
				GCC_WARN_UNUSED_FUNCTION = YES;
				GCC_WARN_UNUSED_VARIABLE = YES;
				IPHONEOS_DEPLOYMENT_TARGET = 14.2;
				MTL_ENABLE_DEBUG_INFO = INCLUDE_SOURCE;
				MTL_FAST_MATH = YES;
				ONLY_ACTIVE_ARCH = YES;
				SDKROOT = iphoneos;
			};
			name = Debug;
		};
		18F83FFB247CED0B0009FD1F /* Release */ = {
			isa = XCBuildConfiguration;
			buildSettings = {
				ALWAYS_SEARCH_USER_PATHS = NO;
				CLANG_ANALYZER_NONNULL = YES;
				CLANG_ANALYZER_NUMBER_OBJECT_CONVERSION = YES_AGGRESSIVE;
				CLANG_CXX_LANGUAGE_STANDARD = "gnu++14";
				CLANG_CXX_LIBRARY = "libc++";
				CLANG_ENABLE_MODULES = YES;
				CLANG_ENABLE_OBJC_ARC = YES;
				CLANG_ENABLE_OBJC_WEAK = YES;
				CLANG_WARN_BLOCK_CAPTURE_AUTORELEASING = YES;
				CLANG_WARN_BOOL_CONVERSION = YES;
				CLANG_WARN_COMMA = YES;
				CLANG_WARN_CONSTANT_CONVERSION = YES;
				CLANG_WARN_DEPRECATED_OBJC_IMPLEMENTATIONS = YES;
				CLANG_WARN_DIRECT_OBJC_ISA_USAGE = YES_ERROR;
				CLANG_WARN_DOCUMENTATION_COMMENTS = YES;
				CLANG_WARN_EMPTY_BODY = YES;
				CLANG_WARN_ENUM_CONVERSION = YES;
				CLANG_WARN_INFINITE_RECURSION = YES;
				CLANG_WARN_INT_CONVERSION = YES;
				CLANG_WARN_NON_LITERAL_NULL_CONVERSION = YES;
				CLANG_WARN_OBJC_IMPLICIT_RETAIN_SELF = YES;
				CLANG_WARN_OBJC_LITERAL_CONVERSION = YES;
				CLANG_WARN_OBJC_ROOT_CLASS = YES_ERROR;
				CLANG_WARN_QUOTED_INCLUDE_IN_FRAMEWORK_HEADER = YES;
				CLANG_WARN_RANGE_LOOP_ANALYSIS = YES;
				CLANG_WARN_STRICT_PROTOTYPES = YES;
				CLANG_WARN_SUSPICIOUS_MOVE = YES;
				CLANG_WARN_UNGUARDED_AVAILABILITY = YES_AGGRESSIVE;
				CLANG_WARN_UNREACHABLE_CODE = YES;
				CLANG_WARN__DUPLICATE_METHOD_MATCH = YES;
				COPY_PHASE_STRIP = NO;
				DEBUG_INFORMATION_FORMAT = "dwarf-with-dsym";
				ENABLE_NS_ASSERTIONS = NO;
				ENABLE_STRICT_OBJC_MSGSEND = YES;
				GCC_C_LANGUAGE_STANDARD = gnu11;
				GCC_NO_COMMON_BLOCKS = YES;
				GCC_WARN_64_TO_32_BIT_CONVERSION = YES;
				GCC_WARN_ABOUT_RETURN_TYPE = YES_ERROR;
				GCC_WARN_UNDECLARED_SELECTOR = YES;
				GCC_WARN_UNINITIALIZED_AUTOS = YES_AGGRESSIVE;
				GCC_WARN_UNUSED_FUNCTION = YES;
				GCC_WARN_UNUSED_VARIABLE = YES;
				IPHONEOS_DEPLOYMENT_TARGET = 14.2;
				MTL_ENABLE_DEBUG_INFO = NO;
				MTL_FAST_MATH = YES;
				SDKROOT = iphoneos;
				VALIDATE_PRODUCT = YES;
			};
			name = Release;
		};
		18F83FFD247CED0B0009FD1F /* Debug */ = {
			isa = XCBuildConfiguration;
			buildSettings = {
				ASSETCATALOG_COMPILER_APPICON_NAME = AppIcon;
				CLANG_ALLOW_NON_MODULAR_INCLUDES_IN_FRAMEWORK_MODULES = NO;
				CLANG_ENABLE_MODULES = NO;
				CODE_SIGN_ENTITLEMENTS = TencentApi/TencentApi.entitlements;
				CODE_SIGN_IDENTITY = "Apple Development";
				CODE_SIGN_STYLE = Automatic;
				DEVELOPMENT_TEAM = "";
				FRAMEWORK_SEARCH_PATHS = (
					"$(inherited)",
					"$(PROJECT_DIR)/TencentApi/TencentSDK",
				);
				INFOPLIST_FILE = TencentApi/Info.plist;
				IPHONEOS_DEPLOYMENT_TARGET = 10.0;
				LD_QUOTE_LINKER_ARGUMENTS_FOR_COMPILER_DRIVER = NO;
				LD_RUNPATH_SEARCH_PATHS = (
					"$(inherited)",
					"@executable_path/Frameworks",
				);
				LIBRARY_SEARCH_PATHS = (
					"$(inherited)",
					"$(PROJECT_DIR)/TencentApi/WechatSDK",
				);
				OTHER_LDFLAGS = (
					"-Objc",
					"-all_load",
					"-fobjc-arc",
				);
				PRODUCT_BUNDLE_IDENTIFIER = com.geniune.TencentApi;
				PRODUCT_NAME = "$(TARGET_NAME)";
				PROVISIONING_PROFILE_SPECIFIER = "";
				TARGETED_DEVICE_FAMILY = "1,2";
				USER_HEADER_SEARCH_PATHS = "$(SRCROOT)/TencentApi/WechatSDK";
			};
			name = Debug;
		};
		18F83FFE247CED0B0009FD1F /* Release */ = {
			isa = XCBuildConfiguration;
			buildSettings = {
				ASSETCATALOG_COMPILER_APPICON_NAME = AppIcon;
				CLANG_ALLOW_NON_MODULAR_INCLUDES_IN_FRAMEWORK_MODULES = NO;
				CLANG_ENABLE_MODULES = NO;
				CODE_SIGN_ENTITLEMENTS = TencentApi/TencentApi.entitlements;
				CODE_SIGN_IDENTITY = "Apple Development";
				CODE_SIGN_STYLE = Automatic;
				DEVELOPMENT_TEAM = "";
				FRAMEWORK_SEARCH_PATHS = (
					"$(inherited)",
					"$(PROJECT_DIR)/TencentApi/TencentSDK",
				);
				INFOPLIST_FILE = TencentApi/Info.plist;
				IPHONEOS_DEPLOYMENT_TARGET = 10.0;
				LD_QUOTE_LINKER_ARGUMENTS_FOR_COMPILER_DRIVER = NO;
				LD_RUNPATH_SEARCH_PATHS = (
					"$(inherited)",
					"@executable_path/Frameworks",
				);
				LIBRARY_SEARCH_PATHS = (
					"$(inherited)",
					"$(PROJECT_DIR)/TencentApi/WechatSDK",
				);
				OTHER_LDFLAGS = (
					"-Objc",
					"-all_load",
					"-fobjc-arc",
				);
				PRODUCT_BUNDLE_IDENTIFIER = com.geniune.TencentApi;
				PRODUCT_NAME = "$(TARGET_NAME)";
				PROVISIONING_PROFILE_SPECIFIER = "";
				TARGETED_DEVICE_FAMILY = "1,2";
				USER_HEADER_SEARCH_PATHS = "$(SRCROOT)/TencentApi/WechatSDK";
			};
			name = Release;
		};
/* End XCBuildConfiguration section */

/* Begin XCConfigurationList section */
		18F83FDE247CECFA0009FD1F /* Build configuration list for PBXProject "TencentApi" */ = {
			isa = XCConfigurationList;
			buildConfigurations = (
				18F83FFA247CED0B0009FD1F /* Debug */,
				18F83FFB247CED0B0009FD1F /* Release */,
			);
			defaultConfigurationIsVisible = 0;
			defaultConfigurationName = Release;
		};
		18F83FFC247CED0B0009FD1F /* Build configuration list for PBXNativeTarget "TencentApi" */ = {
			isa = XCConfigurationList;
			buildConfigurations = (
				18F83FFD247CED0B0009FD1F /* Debug */,
				18F83FFE247CED0B0009FD1F /* Release */,
			);
			defaultConfigurationIsVisible = 0;
			defaultConfigurationName = Release;
		};
/* End XCConfigurationList section */
	};
	rootObject = 18F83FDB247CECFA0009FD1F /* Project object */;
}
